<?xml version="1.0" encoding="utf-8"?>
<Project ToolsVersion="4.0" xmlns="http://schemas.microsoft.com/developer/msbuild/2003">
  <ItemGroup>
    <Filter Include="Source Files">
      <UniqueIdentifier>{4FC737F1-C7A5-4376-A066-2A32D752A2FF}</UniqueIdentifier>
      <Extensions>cpp;c;cc;cxx;c++;cppm;ixx;def;odl;idl;hpj;bat;asm;asmx</Extensions>
    </Filter>
    <Filter Include="Header Files">
      <UniqueIdentifier>{93995380-89BD-4b04-88EB-625FBE52EBFB}</UniqueIdentifier>
      <Extensions>h;hh;hpp;hxx;h++;hm;inl;inc;ipp;xsd</Extensions>
    </Filter>
    <Filter Include="Resource Files">
      <UniqueIdentifier>{67DA6AB6-F800-4c08-8B7A-83BB121AAD01}</UniqueIdentifier>
      <Extensions>rc;ico;cur;bmp;dlg;rc2;rct;bin;rgs;gif;jpg;jpeg;jpe;resx;tiff;tif;png;wav;mfcribbon-ms</Extensions>
    </Filter>
  </ItemGroup>
  <ItemGroup>
    <ClInclude Include="framework.h">
      <Filter>Header Files</Filter>
    </ClInclude>
    <ClInclude Include="pch.h">
      <Filter>Header Files</Filter>
    </ClInclude>
    <ClInclude Include="include\Blacklist.h">
      <Filter>Header Files</Filter>
    </ClInclude>
    <ClInclude Include="include\Logger.h">
      <Filter>Header Files</Filter>
    </ClInclude>
    <ClInclude Include="include\Utils.h">
      <Filter>Header Files</Filter>
    </ClInclude>
    <ClInclude Include="include\ProcessWatcher.h">
      <Filter>Header Files</Filter>
    </ClInclude>
    <ClInclude Include="include\Heartbeat.h">
      <Filter>Header Files</Filter>
    </ClInclude>
    <ClInclude Include="include\OverlayBlacklist.h">
      <Filter>Header Files</Filter>
    </ClInclude>
    <ClInclude Include="include\OverlayScanner.h">
      <Filter>Header Files</Filter>
    </ClInclude>
    <ClInclude Include="include\DriverBlacklist.h">
      <Filter>Header Files</Filter>
    </ClInclude>
    <ClInclude Include="include\DriverScanner.h">
      <Filter>Header Files</Filter>
    </ClInclude>
    <ClInclude Include="include\AntiDebug.h">
      <Filter>Header Files</Filter>
    </ClInclude>
    <ClInclude Include="include\ThreadRegistry.h">
      <Filter>Header Files</Filter>
    </ClInclude>
    <ClInclude Include="include\AntiSuspend.h">
      <Filter>Header Files</Filter>
    </ClInclude>
    <ClInclude Include="include\ModuleBlacklist.h">
      <Filter>Header Files</Filter>
    </ClInclude>
    <ClInclude Include="include\AntiInjection.h">
      <Filter>Header Files</Filter>
    </ClInclude>
    <ClInclude Include="include\DigitalSignature.h">
      <Filter>Header Files</Filter>
    </ClInclude>
    <ClInclude Include="include\DigitalSignatureScanner.h">
      <Filter>Header Files</Filter>
    </ClInclude>
    <ClInclude Include="include\AntiTestMode.h">
      <Filter>Header Files</Filter>
    </ClInclude>
    <ClInclude Include="include\Signatures.h">
      <Filter>Header Files</Filter>
    </ClInclude>
    <ClInclude Include="include\SignatureScanner.h">
      <Filter>Header Files</Filter>
    </ClInclude>
    <ClInclude Include="include\PipeClient.h">
      <Filter>Header Files</Filter>
    </ClInclude>
    <ClInclude Include="include\HijackedThreadDetector.h">
      <Filter>Header Files</Filter>
    </ClInclude>
    <ClInclude Include="include\IATHookChecker.h">
      <Filter>Header Files</Filter>
    </ClInclude>
    <ClInclude Include="include\TestModeSpoofChecker.h">
      <Filter>Header Files</Filter>
    </ClInclude>
    <ClInclude Include="include\HWID.h">
      <Filter>Header Files</Filter>
    </ClInclude>
    <ClInclude Include="include\FileIntegrity.h">
      <Filter>Header Files</Filter>
    </ClInclude>
    <ClInclude Include="include\TcpClient.h">
      <Filter>Header Files</Filter>
    </ClInclude>
    <ClInclude Include="include\HandleProtection.h">
      <Filter>Header Files</Filter>
    </ClInclude>
    <ClInclude Include="include\EventReporter.h">
      <Filter>Header Files</Filter>
    </ClInclude>
    <ClInclude Include="include\PublisherWhitelist.h">
      <Filter>Header Files</Filter>
    </ClInclude>
    <ClInclude Include="include\PipeCommandClient.h">
      <Filter>Header Files</Filter>
    </ClInclude>
    <ClInclude Include="include\SignatureTrust.h">
      <Filter>Header Files</Filter>
    </ClInclude>
    <ClInclude Include="include\PrologHookChecker.h">
      <Filter>Header Files</Filter>
    </ClInclude>
    <ClInclude Include="include\NtdllIntegrity.h">
      <Filter>Header Files</Filter>
    </ClInclude>
    <ClInclude Include="include\Kernel32Integrity.h">
      <Filter>Header Files</Filter>
    </ClInclude>
    <ClInclude Include="include\PolicyManager.h">
      <Filter>Header Files</Filter>
    </ClInclude>
    <ClInclude Include="include\User32Integrity.h">
      <Filter>Header Files</Filter>
    </ClInclude>
    <ClInclude Include="include\Gdi32Integrity.h">
      <Filter>Header Files</Filter>
    </ClInclude>
    <ClInclude Include="include\RuntimeStats.h">
      <Filter>Header Files</Filter>
    </ClInclude>
    <ClInclude Include="include\IntegrityChunkWhitelist.h">
      <Filter>Header Files</Filter>
    </ClInclude>
    <ClInclude Include="include\IDetector.h">
      <Filter>Header Files</Filter>
    </ClInclude>
    <ClInclude Include="include\DetectorScheduler.h">
      <Filter>Header Files</Filter>
    </ClInclude>
    <ClInclude Include="include\EmbeddedPolicy.h">
      <Filter>Header Files</Filter>
    </ClInclude>
    <ClInclude Include="include\EATHookChecker.h">
      <Filter>Header Files</Filter>
    </ClInclude>
    <ClInclude Include="include\DetectionCorrelator.h">
      <Filter>Header Files</Filter>
    </ClInclude>
    <ClInclude Include="include\SyscallStubChecker.h">
      <Filter>Header Files</Filter>
    </ClInclude>
    <ClInclude Include="include\ExportHmacKey.h">
      <Filter>Header Files</Filter>
    </ClInclude>
    <ClInclude Include="include\IntegrityExport.h">
      <Filter>Header Files</Filter>
    </ClInclude>
    <ClInclude Include="include\IntegrityHmacUtil.h">
      <Filter>Header Files</Filter>
    </ClInclude>
    <ClInclude Include="include\HashUtil.h">
      <Filter>Header Files</Filter>
    </ClInclude>
    <ClInclude Include="include\IntegrityTelemetry.h">
      <Filter>Header Files</Filter>
    </ClInclude>
    <ClInclude Include="include\KernelSurfaceStub.h">
      <Filter>Header Files</Filter>
    </ClInclude>
    <ClInclude Include="include\MemoryHeuristics.h">
      <Filter>Header Files</Filter>
    </ClInclude>
    <ClInclude Include="include\ModuleSectionIntegrity.h">
      <Filter>Header Files</Filter>
    </ClInclude>
    <ClInclude Include="include\SelfCheck.h">
      <Filter>Header Files</Filter>
    </ClInclude>
    <ClInclude Include="include\SharedKey.h">
      <Filter>Header Files</Filter>
    </ClInclude>
  </ItemGroup>
  <ItemGroup>
    <ClCompile Include="dllmain.cpp">
      <Filter>Source Files</Filter>
    </ClCompile>
    <ClCompile Include="pch.cpp">
      <Filter>Source Files</Filter>
    </ClCompile>
    <ClCompile Include="src\Blacklist.cpp">
      <Filter>Source Files</Filter>
    </ClCompile>
    <ClCompile Include="src\Logger.cpp">
      <Filter>Source Files</Filter>
    </ClCompile>
    <ClCompile Include="src\Utils.cpp">
      <Filter>Source Files</Filter>
    </ClCompile>
    <ClCompile Include="src\ProcessWatcher.cpp">
      <Filter>Source Files</Filter>
    </ClCompile>
    <ClCompile Include="src\Heartbeat.cpp">
      <Filter>Source Files</Filter>
    </ClCompile>
    <ClCompile Include="src\OverlayBlacklist.cpp">
      <Filter>Source Files</Filter>
    </ClCompile>
    <ClCompile Include="src\OverlayScanner.cpp">
      <Filter>Source Files</Filter>
    </ClCompile>
    <ClCompile Include="src\DriverBlacklist.cpp">
      <Filter>Source Files</Filter>
    </ClCompile>
    <ClCompile Include="src\DriverScanner.cpp">
      <Filter>Source Files</Filter>
    </ClCompile>
    <ClCompile Include="src\AntiDebug.cpp">
      <Filter>Source Files</Filter>
    </ClCompile>
    <ClCompile Include="src\AntiSuspend.cpp">
      <Filter>Source Files</Filter>
    </ClCompile>
    <ClCompile Include="src\ThreadRegistry.cpp">
      <Filter>Source Files</Filter>
    </ClCompile>
    <ClCompile Include="src\ModuleBlacklist.cpp">
      <Filter>Source Files</Filter>
    </ClCompile>
    <ClCompile Include="src\AntiInjection.cpp">
      <Filter>Source Files</Filter>
    </ClCompile>
    <ClCompile Include="src\DigitalSignature.cpp">
      <Filter>Source Files</Filter>
    </ClCompile>
    <ClCompile Include="src\DigitalSignatureScanner.cpp">
      <Filter>Source Files</Filter>
    </ClCompile>
    <ClCompile Include="src\AntiTestMode.cpp">
      <Filter>Source Files</Filter>
    </ClCompile>
    <ClCompile Include="src\Signatures.cpp">
      <Filter>Source Files</Filter>
    </ClCompile>
    <ClCompile Include="src\SignatureScanner.cpp">
      <Filter>Source Files</Filter>
    </ClCompile>
    <ClCompile Include="src\PipeClient.cpp">
      <Filter>Source Files</Filter>
    </ClCompile>
    <ClCompile Include="src\HijackedThreadDetector.cpp">
      <Filter>Source Files</Filter>
    </ClCompile>
    <ClCompile Include="src\IATHookChecker.cpp">
      <Filter>Source Files</Filter>
    </ClCompile>
    <ClCompile Include="src\TestModeSpoofChecker.cpp">
      <Filter>Source Files</Filter>
    </ClCompile>
    <ClCompile Include="src\HWID.cpp">
      <Filter>Source Files</Filter>
    </ClCompile>
    <ClCompile Include="src\FileIntegrity.cpp">
      <Filter>Source Files</Filter>
    </ClCompile>
    <ClCompile Include="src\TcpClient.cpp">
      <Filter>Source Files</Filter>
    </ClCompile>
    <ClCompile Include="src\HandleProtection.cpp">
      <Filter>Source Files</Filter>
    </ClCompile>
    <ClCompile Include="src\EventReporter.cpp">
      <Filter>Source Files</Filter>
    </ClCompile>
    <ClCompile Include="src\PublisherWhitelist.cpp">
      <Filter>Source Files</Filter>
    </ClCompile>
    <ClCompile Include="src\PipeCommandClient.cpp">
      <Filter>Source Files</Filter>
    </ClCompile>
    <ClCompile Include="src\SignatureTrust.cpp">
      <Filter>Source Files</Filter>
    </ClCompile>
    <ClCompile Include="src\PrologHookChecker.cpp">
      <Filter>Source Files</Filter>
    </ClCompile>
    <ClCompile Include="src\NtdllIntegrity.cpp">
      <Filter>Source Files</Filter>
    </ClCompile>
    <ClCompile Include="src\Kernel32Integrity.cpp">
      <Filter>Source Files</Filter>
    </ClCompile>
    <ClCompile Include="src\PolicyManager.cpp">
      <Filter>Source Files</Filter>
    </ClCompile>
    <ClCompile Include="src\User32Integrity.cpp">
      <Filter>Source Files</Filter>
    </ClCompile>
    <ClCompile Include="src\Gdi32Integrity.cpp">
      <Filter>Source Files</Filter>
    </ClCompile>
    <ClCompile Include="src\RuntimeStats.cpp">
      <Filter>Source Files</Filter>
    </ClCompile>
    <ClCompile Include="src\IntegrityChunkWhitelist.cpp">
      <Filter>Source Files</Filter>
    </ClCompile>
    <ClCompile Include="src\DetectorScheduler.cpp">
      <Filter>Source Files</Filter>
    </ClCompile>
    <ClCompile Include="src\EATHookChecker.cpp">
      <Filter>Source Files</Filter>
    </ClCompile>
    <ClCompile Include="src\DetectionCorrelator.cpp">
      <Filter>Source Files</Filter>
    </ClCompile>
    <ClCompile Include="src\SyscallStubChecker.cpp">
      <Filter>Source Files</Filter>
    </ClCompile>
    <ClCompile Include="src\IntegrityExport.cpp">
      <Filter>Source Files</Filter>
    </ClCompile>
    <ClCompile Include="src\HashUtil.cpp">
      <Filter>Source Files</Filter>
    </ClCompile>
    <ClCompile Include="src\IntegrityTelemetry.cpp">
      <Filter>Source Files</Filter>
    </ClCompile>
    <ClCompile Include="src\KernelSurfaceStub.cpp">
      <Filter>Source Files</Filter>
    </ClCompile>
    <ClCompile Include="src\MemoryHeuristics.cpp">
      <Filter>Source Files</Filter>
    </ClCompile>
    <ClCompile Include="src\ModuleSectionIntegrity.cpp">
      <Filter>Source Files</Filter>
    </ClCompile>
    <ClCompile Include="src\SelfCheck.cpp">
      <Filter>Source Files</Filter>
    </ClCompile>
    <ClCompile Include="src\SharedKey.cpp">
      <Filter>Source Files</Filter>
    </ClCompile>
    <ClCompile Include="src\ExportHmacKey.cpp">
      <Filter>Source Files</Filter>
    </ClCompile>
    <ClCompile Include="src\IntegrityHmacUtil.cpp">
      <Filter>Source Files</Filter>
    </ClCompile>
  </ItemGroup>
</Project>